
Microsoft Visual Studio Solution File, Format Version 12.00
# Visual Studio 15
VisualStudioVersion = 15.0.26430.16
MinimumVisualStudioVersion = 10.0.40219.1
Project("{FAE04EC0-301F-11D3-BF4B-00C04F79EFBC}") = "ToggleService.API", "ToggleService.API\ToggleService.API.csproj", "{865F8A6A-39A7-4A3A-B0EF-6896C68C3F8A}"
EndProject
Project("{FAE04EC0-301F-11D3-BF4B-00C04F79EFBC}") = "ToggleService.Data", "ToggleService.Data\ToggleService.Data.csproj", "{D3640DA4-1DBD-4AD3-A6C0-086893531C47}"
EndProject
Project("{FAE04EC0-301F-11D3-BF4B-00C04F79EFBC}") = "ToggleService.UnitTests", "ToggleService.UnitTests\ToggleService.UnitTests.csproj", "{1D9BBE7F-E5B2-4146-A420-EB5C073524E6}"
EndProject
Project("{FAE04EC0-301F-11D3-BF4B-00C04F79EFBC}") = "ToggleService.DTO", "ToggleService.DTO\ToggleService.DTO.csproj", "{C83D57C1-FA4E-47AF-8D49-A57604FB9D61}"
EndProject
Global
	GlobalSection(SolutionConfigurationPlatforms) = preSolution
		Debug|Any CPU = Debug|Any CPU
		Release|Any CPU = Release|Any CPU
	EndGlobalSection
	GlobalSection(ProjectConfigurationPlatforms) = postSolution
		{865F8A6A-39A7-4A3A-B0EF-6896C68C3F8A}.Debug|Any CPU.ActiveCfg = Debug|Any CPU
		{865F8A6A-39A7-4A3A-B0EF-6896C68C3F8A}.Debug|Any CPU.Build.0 = Debug|Any CPU
		{865F8A6A-39A7-4A3A-B0EF-6896C68C3F8A}.Release|Any CPU.ActiveCfg = Release|Any CPU
		{865F8A6A-39A7-4A3A-B0EF-6896C68C3F8A}.Release|Any CPU.Build.0 = Release|Any CPU
		{D3640DA4-1DBD-4AD3-A6C0-086893531C47}.Debug|Any CPU.ActiveCfg = Debug|Any CPU
		{D3640DA4-1DBD-4AD3-A6C0-086893531C47}.Debug|Any CPU.Build.0 = Debug|Any CPU
		{D3640DA4-1DBD-4AD3-A6C0-086893531C47}.Release|Any CPU.ActiveCfg = Release|Any CPU
		{D3640DA4-1DBD-4AD3-A6C0-086893531C47}.Release|Any CPU.Build.0 = Release|Any CPU
		{1D9BBE7F-E5B2-4146-A420-EB5C073524E6}.Debug|Any CPU.ActiveCfg = Debug|Any CPU
		{1D9BBE7F-E5B2-4146-A420-EB5C073524E6}.Debug|Any CPU.Build.0 = Debug|Any CPU
		{1D9BBE7F-E5B2-4146-A420-EB5C073524E6}.Release|Any CPU.ActiveCfg = Release|Any CPU
		{1D9BBE7F-E5B2-4146-A420-EB5C073524E6}.Release|Any CPU.Build.0 = Release|Any CPU
		{C83D57C1-FA4E-47AF-8D49-A57604FB9D61}.Debug|Any CPU.ActiveCfg = Debug|Any CPU
		{C83D57C1-FA4E-47AF-8D49-A57604FB9D61}.Debug|Any CPU.Build.0 = Debug|Any CPU
		{C83D57C1-FA4E-47AF-8D49-A57604FB9D61}.Release|Any CPU.ActiveCfg = Release|Any CPU
		{C83D57C1-FA4E-47AF-8D49-A57604FB9D61}.Release|Any CPU.Build.0 = Release|Any CPU
	EndGlobalSection
	GlobalSection(SolutionProperties) = preSolution
		HideSolutionNode = FALSE
	EndGlobalSection
EndGlobal
